// !$*UTF8*$!
{
	archiveVersion = 1;
	classes = {
	};
	objectVersion = 50;
	objects = {

/* Begin PBXBuildFile section */
		92810DAA24A300B100B9B78D /* AppDelegate.swift in Sources */ = {isa = PBXBuildFile; fileRef = 92810DA924A300B100B9B78D /* AppDelegate.swift */; };
		92810DAC24A300B100B9B78D /* SceneDelegate.swift in Sources */ = {isa = PBXBuildFile; fileRef = 92810DAB24A300B100B9B78D /* SceneDelegate.swift */; };
		92810DAE24A300B100B9B78D /* ContentView.swift in Sources */ = {isa = PBXBuildFile; fileRef = 92810DAD24A300B100B9B78D /* ContentView.swift */; };
		92810DB024A300B100B9B78D /* Assets.xcassets in Resources */ = {isa = PBXBuildFile; fileRef = 92810DAF24A300B100B9B78D /* Assets.xcassets */; };
		92810DB324A300B100B9B78D /* Preview Assets.xcassets in Resources */ = {isa = PBXBuildFile; fileRef = 92810DB224A300B100B9B78D /* Preview Assets.xcassets */; };
		92810DB624A300B100B9B78D /* LaunchScreen.storyboard in Resources */ = {isa = PBXBuildFile; fileRef = 92810DB424A300B100B9B78D /* LaunchScreen.storyboard */; };
/* End PBXBuildFile section */

/* Begin PBXFileReference section */
		92810DA624A300B100B9B78D /* ManageGetupTime.app */ = {isa = PBXFileReference; explicitFileType = wrapper.application; includeInIndex = 0; path = ManageGetupTime.app; sourceTree = BUILT_PRODUCTS_DIR; };
		92810DA924A300B100B9B78D /* AppDelegate.swift */ = {isa = PBXFileReference; lastKnownFileType = sourcecode.swift; path = AppDelegate.swift; sourceTree = "<group>"; };
		92810DAB24A300B100B9B78D /* SceneDelegate.swift */ = {isa = PBXFileReference; lastKnownFileType = sourcecode.swift; path = SceneDelegate.swift; sourceTree = "<group>"; };
		92810DAD24A300B100B9B78D /* ContentView.swift */ = {isa = PBXFileReference; lastKnownFileType = sourcecode.swift; path = ContentView.swift; sourceTree = "<group>"; };
		92810DAF24A300B100B9B78D /* Assets.xcassets */ = {isa = PBXFileReference; lastKnownFileType = folder.assetcatalog; path = Assets.xcassets; sourceTree = "<group>"; };
		92810DB224A300B100B9B78D /* Preview Assets.xcassets */ = {isa = PBXFileReference; lastKnownFileType = folder.assetcatalog; path = "Preview Assets.xcassets"; sourceTree = "<group>"; };
		92810DB524A300B100B9B78D /* Base */ = {isa = PBXFileReference; lastKnownFileType = file.storyboard; name = Base; path = Base.lproj/LaunchScreen.storyboard; sourceTree = "<group>"; };
		92810DB724A300B100B9B78D /* Info.plist */ = {isa = PBXFileReference; lastKnownFileType = text.plist.xml; path = Info.plist; sourceTree = "<group>"; };
/* End PBXFileReference section */

/* Begin PBXFrameworksBuildPhase section */
		92810DA324A300B100B9B78D /* Frameworks */ = {
			isa = PBXFrameworksBuildPhase;
			buildActionMask = 2147483647;
			files = (
			);
			runOnlyForDeploymentPostprocessing = 0;
		};
/* End PBXFrameworksBuildPhase section */

/* Begin PBXGroup section */
		92810D9D24A300B100B9B78D = {
			isa = PBXGroup;
			children = (
				92810DA824A300B100B9B78D /* ManageGetupTime */,
				92810DA724A300B100B9B78D /* Products */,
			);
			sourceTree = "<group>";
		};
		92810DA724A300B100B9B78D /* Products */ = {
			isa = PBXGroup;
			children = (
				92810DA624A300B100B9B78D /* ManageGetupTime.app */,
			);
			name = Products;
			sourceTree = "<group>";
		};
		92810DA824A300B100B9B78D /* ManageGetupTime */ = {
			isa = PBXGroup;
			children = (
				92810DA924A300B100B9B78D /* AppDelegate.swift */,
				92810DAB24A300B100B9B78D /* SceneDelegate.swift */,
				92810DAD24A300B100B9B78D /* ContentView.swift */,
				92810DAF24A300B100B9B78D /* Assets.xcassets */,
				92810DB424A300B100B9B78D /* LaunchScreen.storyboard */,
				92810DB724A300B100B9B78D /* Info.plist */,
				92810DB124A300B100B9B78D /* Preview Content */,
			);
			path = ManageGetupTime;
			sourceTree = "<group>";
		};
		92810DB124A300B100B9B78D /* Preview Content */ = {
			isa = PBXGroup;
			children = (
				92810DB224A300B100B9B78D /* Preview Assets.xcassets */,
			);
			path = "Preview Content";
			sourceTree = "<group>";
		};
/* End PBXGroup section */

/* Begin PBXNativeTarget section */
		92810DA524A300B100B9B78D /* ManageGetupTime */ = {
			isa = PBXNativeTarget;
			buildConfigurationList = 92810DBA24A300B100B9B78D /* Build configuration list for PBXNativeTarget "ManageGetupTime" */;
			buildPhases = (
				92810DA224A300B100B9B78D /* Sources */,
				92810DA324A300B100B9B78D /* Frameworks */,
				92810DA424A300B100B9B78D /* Resources */,
			);
			buildRules = (
			);
			dependencies = (
			);
			name = ManageGetupTime;
			productName = ManageGetupTime;
			productReference = 92810DA624A300B100B9B78D /* ManageGetupTime.app */;
			productType = "com.apple.product-type.application";
		};
/* End PBXNativeTarget section */

/* Begin PBXProject section */
		92810D9E24A300B100B9B78D /* Project object */ = {
			isa = PBXProject;
			attributes = {
				LastSwiftUpdateCheck = 1150;
				LastUpgradeCheck = 1150;
				ORGANIZATIONNAME = "神村亮佑";
				TargetAttributes = {
					92810DA524A300B100B9B78D = {
						CreatedOnToolsVersion = 11.5;
					};
				};
			};
			buildConfigurationList = 92810DA124A300B100B9B78D /* Build configuration list for PBXProject "ManageGetupTime" */;
			compatibilityVersion = "Xcode 9.3";
			developmentRegion = en;
			hasScannedForEncodings = 0;
			knownRegions = (
				en,
				Base,
			);
			mainGroup = 92810D9D24A300B100B9B78D;
			productRefGroup = 92810DA724A300B100B9B78D /* Products */;
			projectDirPath = "";
			projectRoot = "";
			targets = (
				92810DA524A300B100B9B78D /* ManageGetupTime */,
			);
		};
/* End PBXProject section */

/* Begin PBXResourcesBuildPhase section */
		92810DA424A300B100B9B78D /* Resources */ = {
			isa = PBXResourcesBuildPhase;
			buildActionMask = 2147483647;
			files = (
				92810DB624A300B100B9B78D /* LaunchScreen.storyboard in Resources */,
				92810DB324A300B100B9B78D /* Preview Assets.xcassets in Resources */,
				92810DB024A300B100B9B78D /* Assets.xcassets in Resources */,
			);
			runOnlyForDeploymentPostprocessing = 0;
		};
/* End PBXResourcesBuildPhase section */

/* Begin PBXSourcesBuildPhase section */
		92810DA224A300B100B9B78D /* Sources */ = {
			isa = PBXSourcesBuildPhase;
			buildActionMask = 2147483647;
			files = (
				92810DAA24A300B100B9B78D /* AppDelegate.swift in Sources */,
				92810DAC24A300B100B9B78D /* SceneDelegate.swift in Sources */,
				92810DAE24A300B100B9B78D /* ContentView.swift in Sources */,
			);
			runOnlyForDeploymentPostprocessing = 0;
		};
/* End PBXSourcesBuildPhase section */

/* Begin PBXVariantGroup section */
		92810DB424A300B100B9B78D /* LaunchScreen.storyboard */ = {
			isa = PBXVariantGroup;
			children = (
				92810DB524A300B100B9B78D /* Base */,
			);
			name = LaunchScreen.storyboard;
			sourceTree = "<group>";
		};
/* End PBXVariantGroup section */

/* Begin XCBuildConfiguration section */
		92810DB824A300B100B9B78D /* Debug */ = {
			isa = XCBuildConfiguration;
			buildSettings = {
				ALWAYS_SEARCH_USER_PATHS = NO;
				CLANG_ANALYZER_NONNULL = YES;
				CLANG_ANALYZER_NUMBER_OBJECT_CONVERSION = YES_AGGRESSIVE;
				CLANG_CXX_LANGUAGE_STANDARD = "gnu++14";
				CLANG_CXX_LIBRARY = "libc++";
				CLANG_ENABLE_MODULES = YES;
				CLANG_ENABLE_OBJC_ARC = YES;
				CLANG_ENABLE_OBJC_WEAK = YES;
				CLANG_WARN_BLOCK_CAPTURE_AUTORELEASING = YES;
				CLANG_WARN_BOOL_CONVERSION = YES;
				CLANG_WARN_COMMA = YES;
				CLANG_WARN_CONSTANT_CONVERSION = YES;
				CLANG_WARN_DEPRECATED_OBJC_IMPLEMENTATIONS = YES;
				CLANG_WARN_DIRECT_OBJC_ISA_USAGE = YES_ERROR;
				CLANG_WARN_DOCUMENTATION_COMMENTS = YES;
				CLANG_WARN_EMPTY_BODY = YES;
				CLANG_WARN_ENUM_CONVERSION = YES;
				CLANG_WARN_INFINITE_RECURSION = YES;
				CLANG_WARN_INT_CONVERSION = YES;
				CLANG_WARN_NON_LITERAL_NULL_CONVERSION = YES;
				CLANG_WARN_OBJC_IMPLICIT_RETAIN_SELF = YES;
				CLANG_WARN_OBJC_LITERAL_CONVERSION = YES;
				CLANG_WARN_OBJC_ROOT_CLASS = YES_ERROR;
				CLANG_WARN_RANGE_LOOP_ANALYSIS = YES;
				CLANG_WARN_STRICT_PROTOTYPES = YES;
				CLANG_WARN_SUSPICIOUS_MOVE = YES;
				CLANG_WARN_UNGUARDED_AVAILABILITY = YES_AGGRESSIVE;
				CLANG_WARN_UNREACHABLE_CODE = YES;
				CLANG_WARN__DUPLICATE_METHOD_MATCH = YES;
				COPY_PHASE_STRIP = NO;
				DEBUG_INFORMATION_FORMAT = dwarf;
				ENABLE_STRICT_OBJC_MSGSEND = YES;
				ENABLE_TESTABILITY = YES;
				GCC_C_LANGUAGE_STANDARD = gnu11;
				GCC_DYNAMIC_NO_PIC = NO;
				GCC_NO_COMMON_BLOCKS = YES;
				GCC_OPTIMIZATION_LEVEL = 0;
				GCC_PREPROCESSOR_DEFINITIONS = (
					"DEBUG=1",
					"$(inherited)",
				);
				GCC_WARN_64_TO_32_BIT_CONVERSION = YES;
				GCC_WARN_ABOUT_RETURN_TYPE = YES_ERROR;
				GCC_WARN_UNDECLARED_SELECTOR = YES;
				GCC_WARN_UNINITIALIZED_AUTOS = YES_AGGRESSIVE;
				GCC_WARN_UNUSED_FUNCTION = YES;
				GCC_WARN_UNUSED_VARIABLE = YES;
				IPHONEOS_DEPLOYMENT_TARGET = 13.5;
				MTL_ENABLE_DEBUG_INFO = INCLUDE_SOURCE;
				MTL_FAST_MATH = YES;
				ONLY_ACTIVE_ARCH = YES;
				SDKROOT = iphoneos;
				SWIFT_ACTIVE_COMPILATION_CONDITIONS = DEBUG;
				SWIFT_OPTIMIZATION_LEVEL = "-Onone";
			};
			name = Debug;
		};
		92810DB924A300B100B9B78D /* Release */ = {
			isa = XCBuildConfiguration;
			buildSettings = {
				ALWAYS_SEARCH_USER_PATHS = NO;
				CLANG_ANALYZER_NONNULL = YES;
				CLANG_ANALYZER_NUMBER_OBJECT_CONVERSION = YES_AGGRESSIVE;
				CLANG_CXX_LANGUAGE_STANDARD = "gnu++14";
				CLANG_CXX_LIBRARY = "libc++";
				CLANG_ENABLE_MODULES = YES;
				CLANG_ENABLE_OBJC_ARC = YES;
				CLANG_ENABLE_OBJC_WEAK = YES;
				CLANG_WARN_BLOCK_CAPTURE_AUTORELEASING = YES;
				CLANG_WARN_BOOL_CONVERSION = YES;
				CLANG_WARN_COMMA = YES;
				CLANG_WARN_CONSTANT_CONVERSION = YES;
				CLANG_WARN_DEPRECATED_OBJC_IMPLEMENTATIONS = YES;
				CLANG_WARN_DIRECT_OBJC_ISA_USAGE = YES_ERROR;
				CLANG_WARN_DOCUMENTATION_COMMENTS = YES;
				CLANG_WARN_EMPTY_BODY = YES;
				CLANG_WARN_ENUM_CONVERSION = YES;
				CLANG_WARN_INFINITE_RECURSION = YES;
				CLANG_WARN_INT_CONVERSION = YES;
				CLANG_WARN_NON_LITERAL_NULL_CONVERSION = YES;
				CLANG_WARN_OBJC_IMPLICIT_RETAIN_SELF = YES;
				CLANG_WARN_OBJC_LITERAL_CONVERSION = YES;
				CLANG_WARN_OBJC_ROOT_CLASS = YES_ERROR;
				CLANG_WARN_RANGE_LOOP_ANALYSIS = YES;
				CLANG_WARN_STRICT_PROTOTYPES = YES;
				CLANG_WARN_SUSPICIOUS_MOVE = YES;
				CLANG_WARN_UNGUARDED_AVAILABILITY = YES_AGGRESSIVE;
				CLANG_WARN_UNREACHABLE_CODE = YES;
				CLANG_WARN__DUPLICATE_METHOD_MATCH = YES;
				COPY_PHASE_STRIP = NO;
				DEBUG_INFORMATION_FORMAT = "dwarf-with-dsym";
				ENABLE_NS_ASSERTIONS = NO;
				ENABLE_STRICT_OBJC_MSGSEND = YES;
				GCC_C_LANGUAGE_STANDARD = gnu11;
				GCC_NO_COMMON_BLOCKS = YES;
				GCC_WARN_64_TO_32_BIT_CONVERSION = YES;
				GCC_WARN_ABOUT_RETURN_TYPE = YES_ERROR;
				GCC_WARN_UNDECLARED_SELECTOR = YES;
				GCC_WARN_UNINITIALIZED_AUTOS = YES_AGGRESSIVE;
				GCC_WARN_UNUSED_FUNCTION = YES;
				GCC_WARN_UNUSED_VARIABLE = YES;
				IPHONEOS_DEPLOYMENT_TARGET = 13.5;
				MTL_ENABLE_DEBUG_INFO = NO;
				MTL_FAST_MATH = YES;
				SDKROOT = iphoneos;
				SWIFT_COMPILATION_MODE = wholemodule;
				SWIFT_OPTIMIZATION_LEVEL = "-O";
				VALIDATE_PRODUCT = YES;
			};
			name = Release;
		};
		92810DBB24A300B100B9B78D /* Debug */ = {
			isa = XCBuildConfiguration;
			buildSettings = {
				ASSETCATALOG_COMPILER_APPICON_NAME = AppIcon;
				CODE_SIGN_STYLE = Automatic;
				DEVELOPMENT_ASSET_PATHS = "\"ManageGetupTime/Preview Content\"";
				DEVELOPMENT_TEAM = 4L3H8AS5LU;
				ENABLE_PREVIEWS = YES;
				INFOPLIST_FILE = ManageGetupTime/Info.plist;
				LD_RUNPATH_SEARCH_PATHS = (
					"$(inherited)",
					"@executable_path/Frameworks",
				);
				PRODUCT_BUNDLE_IDENTIFIER = com.kamimura.ManageGetupTime;
				PRODUCT_NAME = "$(TARGET_NAME)";
				SWIFT_VERSION = 5.0;
				TARGETED_DEVICE_FAMILY = "1,2";
			};
			name = Debug;
		};
		92810DBC24A300B100B9B78D /* Release */ = {
			isa = XCBuildConfiguration;
			buildSettings = {
				ASSETCATALOG_COMPILER_APPICON_NAME = AppIcon;
				CODE_SIGN_STYLE = Automatic;
				DEVELOPMENT_ASSET_PATHS = "\"ManageGetupTime/Preview Content\"";
				DEVELOPMENT_TEAM = 4L3H8AS5LU;
				ENABLE_PREVIEWS = YES;
				INFOPLIST_FILE = ManageGetupTime/Info.plist;
				LD_RUNPATH_SEARCH_PATHS = (
					"$(inherited)",
					"@executable_path/Frameworks",
				);
				PRODUCT_BUNDLE_IDENTIFIER = com.kamimura.ManageGetupTime;
				PRODUCT_NAME = "$(TARGET_NAME)";
				SWIFT_VERSION = 5.0;
				TARGETED_DEVICE_FAMILY = "1,2";
			};
			name = Release;
		};
/* End XCBuildConfiguration section */

/* Begin XCConfigurationList section */
		92810DA124A300B100B9B78D /* Build configuration list for PBXProject "ManageGetupTime" */ = {
			isa = XCConfigurationList;
			buildConfigurations = (
				92810DB824A300B100B9B78D /* Debug */,
				92810DB924A300B100B9B78D /* Release */,
			);
			defaultConfigurationIsVisible = 0;
			defaultConfigurationName = Release;
		};
		92810DBA24A300B100B9B78D /* Build configuration list for PBXNativeTarget "ManageGetupTime" */ = {
			isa = XCConfigurationList;
			buildConfigurations = (
				92810DBB24A300B100B9B78D /* Debug */,
				92810DBC24A300B100B9B78D /* Release */,
			);
			defaultConfigurationIsVisible = 0;
			defaultConfigurationName = Release;
		};
/* End XCConfigurationList section */
	};
	rootObject = 92810D9E24A300B100B9B78D /* Project object */;
}
